
Microsoft Visual Studio Solution File, Format Version 12.00
# Visual Studio Version 17
VisualStudioVersion = 17.5.33530.505
MinimumVisualStudioVersion = 10.0.40219.1
Project("{FAE04EC0-301F-11D3-BF4B-00C04F79EFBC}") = "StringCalculatorKata", "StringCalculatorKata\StringCalculatorKata.csproj", "{0E9ECD6C-5638-4376-B955-D296FCFDD949}"
EndProject
Project("{FAE04EC0-301F-11D3-BF4B-00C04F79EFBC}") = "StringCalculatorKata.Tests", "StringCalculatorKata.Tests\StringCalculatorKata.Tests.csproj", "{43BC0266-EDC9-44AF-AF5D-2030F1B9D50B}"
EndProject
Global
	GlobalSection(SolutionConfigurationPlatforms) = preSolution
		Debug|Any CPU = Debug|Any CPU
		Release|Any CPU = Release|Any CPU
	EndGlobalSection
	GlobalSection(ProjectConfigurationPlatforms) = postSolution
		{0E9ECD6C-5638-4376-B955-D296FCFDD949}.Debug|Any CPU.ActiveCfg = Debug|Any CPU
		{0E9ECD6C-5638-4376-B955-D296FCFDD949}.Debug|Any CPU.Build.0 = Debug|Any CPU
		{0E9ECD6C-5638-4376-B955-D296FCFDD949}.Release|Any CPU.ActiveCfg = Release|Any CPU
		{0E9ECD6C-5638-4376-B955-D296FCFDD949}.Release|Any CPU.Build.0 = Release|Any CPU
		{43BC0266-EDC9-44AF-AF5D-2030F1B9D50B}.Debug|Any CPU.ActiveCfg = Debug|Any CPU
		{43BC0266-EDC9-44AF-AF5D-2030F1B9D50B}.Debug|Any CPU.Build.0 = Debug|Any CPU
		{43BC0266-EDC9-44AF-AF5D-2030F1B9D50B}.Release|Any CPU.ActiveCfg = Release|Any CPU
		{43BC0266-EDC9-44AF-AF5D-2030F1B9D50B}.Release|Any CPU.Build.0 = Release|Any CPU
	EndGlobalSection
	GlobalSection(SolutionProperties) = preSolution
		HideSolutionNode = FALSE
	EndGlobalSection
	GlobalSection(ExtensibilityGlobals) = postSolution
		SolutionGuid = {2040CB14-33B7-4E71-96EB-A35BA76419C3}
	EndGlobalSection
EndGlobal
